
Microsoft Visual Studio Solution File, Format Version 12.00
# Visual Studio Version 17
VisualStudioVersion = 17.11.35219.272
MinimumVisualStudioVersion = 10.0.40219.1
Project("{FAE04EC0-301F-11D3-BF4B-00C04F79EFBC}") = "Target Clear ORIGINAL", "Target Clear ORIGINAL\Target Clear ORIGINAL.csproj", "{C36104A6-D837-4D12-AEF7-7D9BA96B295B}"
EndProject
Project("{FAE04EC0-301F-11D3-BF4B-00C04F79EFBC}") = "Target Clear Scoring Fix", "Target Clear Scoring Fix\Target Clear Scoring Fix.csproj", "{1C10E54E-1CAD-4373-BC7E-C90AE1850DAE}"
EndProject
Project("{FAE04EC0-301F-11D3-BF4B-00C04F79EFBC}") = "Target Clear PowerPlay", "Target Clear PowerPlay\Target Clear PowerPlay.csproj", "{16F19534-7126-4792-A2A1-92621DC7F46C}"
EndProject
Project("{FAE04EC0-301F-11D3-BF4B-00C04F79EFBC}") = "Target Clear The Joker", "Target Clear The Joker\Target Clear The Joker.csproj", "{10B85EAC-4FFE-45D3-8A0F-0191E6F9E655}"
EndProject
Project("{FAE04EC0-301F-11D3-BF4B-00C04F79EFBC}") = "Target Clear Unique Operators", "Target Clear Unique Operators\Target Clear Unique Operators.csproj", "{A2DC775E-7635-4265-ABC7-C7DB94636776}"
EndProject
Project("{FAE04EC0-301F-11D3-BF4B-00C04F79EFBC}") = "Section B Warm Up", "Section B Warm Up\Section B Warm Up.csproj", "{69231CB4-D1B2-4A4E-8C95-34BA1F107230}"
EndProject
Project("{FAE04EC0-301F-11D3-BF4B-00C04F79EFBC}") = "Section B Warm Up - Cleaner Version", "Section B Warm Up - Cleaner Version\Section B Warm Up - Cleaner Version.csproj", "{6D78EB59-F9ED-4234-BE67-C7CE3D64BE34}"
EndProject
Project("{FAE04EC0-301F-11D3-BF4B-00C04F79EFBC}") = "Target Clear Annotations", "Target Clear Adding Brackets\Target Clear Annotations.csproj", "{0F59AE10-3B2C-48ED-90D6-59BFE57DA523}"
EndProject
Project("{FAE04EC0-301F-11D3-BF4B-00C04F79EFBC}") = "Target Clear Subscoring", "Target Clear Subscoring\Target Clear Subscoring.csproj", "{0E5C4B40-D628-4DB6-9D4B-1B20E4A17E7F}"
EndProject
Project("{FAE04EC0-301F-11D3-BF4B-00C04F79EFBC}") = "Target Clear Undo Move", "Target Clear Undo Move\Target Clear Undo Move.csproj", "{2F005EB6-87D6-4DAE-A6D7-D94EAE8B16BA}"
EndProject
Project("{FAE04EC0-301F-11D3-BF4B-00C04F79EFBC}") = "Target Clear Every Valid Expression", "Target Clear Every Valid Expression\Target Clear Every Valid Expression.csproj", "{C5868984-2D7E-43B0-8130-9B03BEC58654}"
EndProject
Global
	GlobalSection(SolutionConfigurationPlatforms) = preSolution
		Debug|Any CPU = Debug|Any CPU
		Release|Any CPU = Release|Any CPU
	EndGlobalSection
	GlobalSection(ProjectConfigurationPlatforms) = postSolution
		{C36104A6-D837-4D12-AEF7-7D9BA96B295B}.Debug|Any CPU.ActiveCfg = Debug|Any CPU
		{C36104A6-D837-4D12-AEF7-7D9BA96B295B}.Debug|Any CPU.Build.0 = Debug|Any CPU
		{C36104A6-D837-4D12-AEF7-7D9BA96B295B}.Release|Any CPU.ActiveCfg = Release|Any CPU
		{C36104A6-D837-4D12-AEF7-7D9BA96B295B}.Release|Any CPU.Build.0 = Release|Any CPU
		{1C10E54E-1CAD-4373-BC7E-C90AE1850DAE}.Debug|Any CPU.ActiveCfg = Debug|Any CPU
		{1C10E54E-1CAD-4373-BC7E-C90AE1850DAE}.Debug|Any CPU.Build.0 = Debug|Any CPU
		{1C10E54E-1CAD-4373-BC7E-C90AE1850DAE}.Release|Any CPU.ActiveCfg = Release|Any CPU
		{1C10E54E-1CAD-4373-BC7E-C90AE1850DAE}.Release|Any CPU.Build.0 = Release|Any CPU
		{16F19534-7126-4792-A2A1-92621DC7F46C}.Debug|Any CPU.ActiveCfg = Debug|Any CPU
		{16F19534-7126-4792-A2A1-92621DC7F46C}.Debug|Any CPU.Build.0 = Debug|Any CPU
		{16F19534-7126-4792-A2A1-92621DC7F46C}.Release|Any CPU.ActiveCfg = Release|Any CPU
		{16F19534-7126-4792-A2A1-92621DC7F46C}.Release|Any CPU.Build.0 = Release|Any CPU
		{10B85EAC-4FFE-45D3-8A0F-0191E6F9E655}.Debug|Any CPU.ActiveCfg = Debug|Any CPU
		{10B85EAC-4FFE-45D3-8A0F-0191E6F9E655}.Debug|Any CPU.Build.0 = Debug|Any CPU
		{10B85EAC-4FFE-45D3-8A0F-0191E6F9E655}.Release|Any CPU.ActiveCfg = Release|Any CPU
		{10B85EAC-4FFE-45D3-8A0F-0191E6F9E655}.Release|Any CPU.Build.0 = Release|Any CPU
		{A2DC775E-7635-4265-ABC7-C7DB94636776}.Debug|Any CPU.ActiveCfg = Debug|Any CPU
		{A2DC775E-7635-4265-ABC7-C7DB94636776}.Debug|Any CPU.Build.0 = Debug|Any CPU
		{A2DC775E-7635-4265-ABC7-C7DB94636776}.Release|Any CPU.ActiveCfg = Release|Any CPU
		{A2DC775E-7635-4265-ABC7-C7DB94636776}.Release|Any CPU.Build.0 = Release|Any CPU
		{69231CB4-D1B2-4A4E-8C95-34BA1F107230}.Debug|Any CPU.ActiveCfg = Debug|Any CPU
		{69231CB4-D1B2-4A4E-8C95-34BA1F107230}.Debug|Any CPU.Build.0 = Debug|Any CPU
		{69231CB4-D1B2-4A4E-8C95-34BA1F107230}.Release|Any CPU.ActiveCfg = Release|Any CPU
		{69231CB4-D1B2-4A4E-8C95-34BA1F107230}.Release|Any CPU.Build.0 = Release|Any CPU
		{6D78EB59-F9ED-4234-BE67-C7CE3D64BE34}.Debug|Any CPU.ActiveCfg = Debug|Any CPU
		{6D78EB59-F9ED-4234-BE67-C7CE3D64BE34}.Debug|Any CPU.Build.0 = Debug|Any CPU
		{6D78EB59-F9ED-4234-BE67-C7CE3D64BE34}.Release|Any CPU.ActiveCfg = Release|Any CPU
		{6D78EB59-F9ED-4234-BE67-C7CE3D64BE34}.Release|Any CPU.Build.0 = Release|Any CPU
		{0F59AE10-3B2C-48ED-90D6-59BFE57DA523}.Debug|Any CPU.ActiveCfg = Debug|Any CPU
		{0F59AE10-3B2C-48ED-90D6-59BFE57DA523}.Debug|Any CPU.Build.0 = Debug|Any CPU
		{0F59AE10-3B2C-48ED-90D6-59BFE57DA523}.Release|Any CPU.ActiveCfg = Release|Any CPU
		{0F59AE10-3B2C-48ED-90D6-59BFE57DA523}.Release|Any CPU.Build.0 = Release|Any CPU
		{0E5C4B40-D628-4DB6-9D4B-1B20E4A17E7F}.Debug|Any CPU.ActiveCfg = Debug|Any CPU
		{0E5C4B40-D628-4DB6-9D4B-1B20E4A17E7F}.Debug|Any CPU.Build.0 = Debug|Any CPU
		{0E5C4B40-D628-4DB6-9D4B-1B20E4A17E7F}.Release|Any CPU.ActiveCfg = Release|Any CPU
		{0E5C4B40-D628-4DB6-9D4B-1B20E4A17E7F}.Release|Any CPU.Build.0 = Release|Any CPU
		{2F005EB6-87D6-4DAE-A6D7-D94EAE8B16BA}.Debug|Any CPU.ActiveCfg = Debug|Any CPU
		{2F005EB6-87D6-4DAE-A6D7-D94EAE8B16BA}.Debug|Any CPU.Build.0 = Debug|Any CPU
		{2F005EB6-87D6-4DAE-A6D7-D94EAE8B16BA}.Release|Any CPU.ActiveCfg = Release|Any CPU
		{2F005EB6-87D6-4DAE-A6D7-D94EAE8B16BA}.Release|Any CPU.Build.0 = Release|Any CPU
		{C5868984-2D7E-43B0-8130-9B03BEC58654}.Debug|Any CPU.ActiveCfg = Debug|Any CPU
		{C5868984-2D7E-43B0-8130-9B03BEC58654}.Debug|Any CPU.Build.0 = Debug|Any CPU
		{C5868984-2D7E-43B0-8130-9B03BEC58654}.Release|Any CPU.ActiveCfg = Release|Any CPU
		{C5868984-2D7E-43B0-8130-9B03BEC58654}.Release|Any CPU.Build.0 = Release|Any CPU
	EndGlobalSection
	GlobalSection(SolutionProperties) = preSolution
		HideSolutionNode = FALSE
	EndGlobalSection
	GlobalSection(ExtensibilityGlobals) = postSolution
		SolutionGuid = {0561DBBB-49C7-458D-840E-8AD61FA8A8FB}
	EndGlobalSection
EndGlobal
